
Microsoft Visual Studio Solution File, Format Version 12.00
# Visual Studio Version 16
VisualStudioVersion = 16.0.31205.134
MinimumVisualStudioVersion = 10.0.40219.1
Project("{888888A0-9F3D-457C-B088-3A5042F75D52}") = "Python07_Funciones10", "Python07_Funciones10\Python07_Funciones10.pyproj", "{380E4F4D-6C83-4266-A12F-0F0B43A01806}"
EndProject
Global
	GlobalSection(SolutionConfigurationPlatforms) = preSolution
		Debug|Any CPU = Debug|Any CPU
		Release|Any CPU = Release|Any CPU
	EndGlobalSection
	GlobalSection(ProjectConfigurationPlatforms) = postSolution
		{380E4F4D-6C83-4266-A12F-0F0B43A01806}.Debug|Any CPU.ActiveCfg = Debug|Any CPU
		{380E4F4D-6C83-4266-A12F-0F0B43A01806}.Release|Any CPU.ActiveCfg = Release|Any CPU
	EndGlobalSection
	GlobalSection(SolutionProperties) = preSolution
		HideSolutionNode = FALSE
	EndGlobalSection
	GlobalSection(ExtensibilityGlobals) = postSolution
		SolutionGuid = {14CB6466-CA8B-43F5-A299-7E548B640DCA}
	EndGlobalSection
EndGlobal
