
Microsoft Visual Studio Solution File, Format Version 12.00
# Visual Studio Version 16
VisualStudioVersion = 16.0.31205.134
MinimumVisualStudioVersion = 10.0.40219.1
Project("{888888A0-9F3D-457C-B088-3A5042F75D52}") = "Python06_EstructuraDatosTipoLista12", "Python06_EstructuraDatosTipoLista12\Python06_EstructuraDatosTipoLista12.pyproj", "{953BFC59-B3E8-45EC-8972-9EC9D42FBEC0}"
EndProject
Global
	GlobalSection(SolutionConfigurationPlatforms) = preSolution
		Debug|Any CPU = Debug|Any CPU
		Release|Any CPU = Release|Any CPU
	EndGlobalSection
	GlobalSection(ProjectConfigurationPlatforms) = postSolution
		{953BFC59-B3E8-45EC-8972-9EC9D42FBEC0}.Debug|Any CPU.ActiveCfg = Debug|Any CPU
		{953BFC59-B3E8-45EC-8972-9EC9D42FBEC0}.Release|Any CPU.ActiveCfg = Release|Any CPU
	EndGlobalSection
	GlobalSection(SolutionProperties) = preSolution
		HideSolutionNode = FALSE
	EndGlobalSection
	GlobalSection(ExtensibilityGlobals) = postSolution
		SolutionGuid = {BA08E6DE-72DE-45C8-B7F7-CE4E203A80C1}
	EndGlobalSection
EndGlobal
