
Microsoft Visual Studio Solution File, Format Version 12.00
# Visual Studio Version 16
VisualStudioVersion = 16.0.31205.134
MinimumVisualStudioVersion = 10.0.40219.1
Project("{888888A0-9F3D-457C-B088-3A5042F75D52}") = "Python07_Funciones01", "Python07_Funciones01\Python07_Funciones01.pyproj", "{94ED2658-6E06-44B9-9C8F-94D10C573ED7}"
EndProject
Global
	GlobalSection(SolutionConfigurationPlatforms) = preSolution
		Debug|Any CPU = Debug|Any CPU
		Release|Any CPU = Release|Any CPU
	EndGlobalSection
	GlobalSection(ProjectConfigurationPlatforms) = postSolution
		{94ED2658-6E06-44B9-9C8F-94D10C573ED7}.Debug|Any CPU.ActiveCfg = Debug|Any CPU
		{94ED2658-6E06-44B9-9C8F-94D10C573ED7}.Release|Any CPU.ActiveCfg = Release|Any CPU
	EndGlobalSection
	GlobalSection(SolutionProperties) = preSolution
		HideSolutionNode = FALSE
	EndGlobalSection
	GlobalSection(ExtensibilityGlobals) = postSolution
		SolutionGuid = {23711F91-4962-48EA-BF23-D7749AE6742E}
	EndGlobalSection
EndGlobal
