
Microsoft Visual Studio Solution File, Format Version 12.00
# Visual Studio Version 16
VisualStudioVersion = 16.0.31205.134
MinimumVisualStudioVersion = 10.0.40219.1
Project("{888888A0-9F3D-457C-B088-3A5042F75D52}") = "Python07_Funciones12", "Python07_Funciones12\Python07_Funciones12.pyproj", "{0F8B8107-4541-4AA1-ACA2-AA33817EFF78}"
EndProject
Global
	GlobalSection(SolutionConfigurationPlatforms) = preSolution
		Debug|Any CPU = Debug|Any CPU
		Release|Any CPU = Release|Any CPU
	EndGlobalSection
	GlobalSection(ProjectConfigurationPlatforms) = postSolution
		{0F8B8107-4541-4AA1-ACA2-AA33817EFF78}.Debug|Any CPU.ActiveCfg = Debug|Any CPU
		{0F8B8107-4541-4AA1-ACA2-AA33817EFF78}.Release|Any CPU.ActiveCfg = Release|Any CPU
	EndGlobalSection
	GlobalSection(SolutionProperties) = preSolution
		HideSolutionNode = FALSE
	EndGlobalSection
	GlobalSection(ExtensibilityGlobals) = postSolution
		SolutionGuid = {65FCC943-1317-410D-AE7B-9B832C0E020C}
	EndGlobalSection
EndGlobal
