
Microsoft Visual Studio Solution File, Format Version 12.00
# Visual Studio Version 16
VisualStudioVersion = 16.0.31205.134
MinimumVisualStudioVersion = 10.0.40219.1
Project("{888888A0-9F3D-457C-B088-3A5042F75D52}") = "Python07_Funciones", "Python07_Funciones\Python07_Funciones.pyproj", "{B700EFB6-7AAA-486E-8099-7169D48DFFFF}"
EndProject
Global
	GlobalSection(SolutionConfigurationPlatforms) = preSolution
		Debug|Any CPU = Debug|Any CPU
		Release|Any CPU = Release|Any CPU
	EndGlobalSection
	GlobalSection(ProjectConfigurationPlatforms) = postSolution
		{B700EFB6-7AAA-486E-8099-7169D48DFFFF}.Debug|Any CPU.ActiveCfg = Debug|Any CPU
		{B700EFB6-7AAA-486E-8099-7169D48DFFFF}.Release|Any CPU.ActiveCfg = Release|Any CPU
	EndGlobalSection
	GlobalSection(SolutionProperties) = preSolution
		HideSolutionNode = FALSE
	EndGlobalSection
	GlobalSection(ExtensibilityGlobals) = postSolution
		SolutionGuid = {7E43FE11-82BC-4FDB-BC78-69632A0A3685}
	EndGlobalSection
EndGlobal
